
Microsoft Visual Studio Solution File, Format Version 11.00
# Visual Studio 2010
Project("{FAE04EC0-301F-11D3-BF4B-00C04F79EFBC}") = "Shinobu_Mono", "Assembly-CSharp.csproj", "{46E44A70-36C3-8E18-BB9D-8336F8719B91}"
EndProject
Project("{FAE04EC0-301F-11D3-BF4B-00C04F79EFBC}") = "Shinobu_Mono", "Assembly-CSharp-Editor.csproj", "{248D6EE5-1538-1A3D-8DA7-7C032A98B006}"
EndProject
Global
	GlobalSection(SolutionConfigurationPlatforms) = preSolution
		Debug|Any CPU = Debug|Any CPU
		Release|Any CPU = Release|Any CPU
	EndGlobalSection
	GlobalSection(ProjectConfigurationPlatforms) = postSolution
		{46E44A70-36C3-8E18-BB9D-8336F8719B91}.Debug|Any CPU.ActiveCfg = Debug|Any CPU
		{46E44A70-36C3-8E18-BB9D-8336F8719B91}.Debug|Any CPU.Build.0 = Debug|Any CPU
		{46E44A70-36C3-8E18-BB9D-8336F8719B91}.Release|Any CPU.ActiveCfg = Release|Any CPU
		{46E44A70-36C3-8E18-BB9D-8336F8719B91}.Release|Any CPU.Build.0 = Release|Any CPU
		{248D6EE5-1538-1A3D-8DA7-7C032A98B006}.Debug|Any CPU.ActiveCfg = Debug|Any CPU
		{248D6EE5-1538-1A3D-8DA7-7C032A98B006}.Debug|Any CPU.Build.0 = Debug|Any CPU
		{248D6EE5-1538-1A3D-8DA7-7C032A98B006}.Release|Any CPU.ActiveCfg = Release|Any CPU
		{248D6EE5-1538-1A3D-8DA7-7C032A98B006}.Release|Any CPU.Build.0 = Release|Any CPU
	EndGlobalSection
	GlobalSection(SolutionProperties) = preSolution
		HideSolutionNode = FALSE
	EndGlobalSection
	GlobalSection(MonoDevelopProperties) = preSolution
		StartupItem = Assembly-CSharp.csproj
	EndGlobalSection	GlobalSection(MonoDevelopProperties) = preSolution
EndGlobal
